
Microsoft Visual Studio Solution File, Format Version 11.00
# Visual C++ Express 2010
Project("{8BC9CEB8-8B4A-11D0-8D11-00A0C91BC942}") = "Cpp_DetectorTester", "Cpp_DetectorTester\Cpp_DetectorTester.vcxproj", "{6D4452F1-4CC6-439B-9FA4-8DB40809F055}"
EndProject
Global
	GlobalSection(SolutionConfigurationPlatforms) = preSolution
		Debug|Win32 = Debug|Win32
		Release|Win32 = Release|Win32
	EndGlobalSection
	GlobalSection(ProjectConfigurationPlatforms) = postSolution
		{6D4452F1-4CC6-439B-9FA4-8DB40809F055}.Debug|Win32.ActiveCfg = Debug|Win32
		{6D4452F1-4CC6-439B-9FA4-8DB40809F055}.Debug|Win32.Build.0 = Debug|Win32
		{6D4452F1-4CC6-439B-9FA4-8DB40809F055}.Release|Win32.ActiveCfg = Release|Win32
		{6D4452F1-4CC6-439B-9FA4-8DB40809F055}.Release|Win32.Build.0 = Release|Win32
	EndGlobalSection
	GlobalSection(SolutionProperties) = preSolution
		HideSolutionNode = FALSE
	EndGlobalSection
EndGlobal
